
Microsoft Visual Studio Solution File, Format Version 12.00
# Visual Studio Version 17
VisualStudioVersion = 17.11.35208.52
MinimumVisualStudioVersion = 10.0.40219.1
Project("{FAE04EC0-301F-11D3-BF4B-00C04F79EFBC}") = "PRESENTATION", "PRESENTATION\PRESENTATION.csproj", "{5552DB9E-876D-4FB0-95E6-96203B64C02B}"
EndProject
Project("{FAE04EC0-301F-11D3-BF4B-00C04F79EFBC}") = "ENTITY", "ENTITY\ENTITY.csproj", "{299A5BEA-8CA6-4224-A263-2F59D3E01699}"
EndProject
Project("{FAE04EC0-301F-11D3-BF4B-00C04F79EFBC}") = "BLL", "bll\BLL.csproj", "{510A8E6B-900F-4236-A29C-57AA8C3BB807}"
EndProject
Project("{FAE04EC0-301F-11D3-BF4B-00C04F79EFBC}") = "DAL", "DAL\DAL.csproj", "{BCDAB5B8-C6AC-48A0-80EC-E141B4AB90DA}"
EndProject
Global
	GlobalSection(SolutionConfigurationPlatforms) = preSolution
		Debug|Any CPU = Debug|Any CPU
		Release|Any CPU = Release|Any CPU
	EndGlobalSection
	GlobalSection(ProjectConfigurationPlatforms) = postSolution
		{5552DB9E-876D-4FB0-95E6-96203B64C02B}.Debug|Any CPU.ActiveCfg = Debug|Any CPU
		{5552DB9E-876D-4FB0-95E6-96203B64C02B}.Debug|Any CPU.Build.0 = Debug|Any CPU
		{5552DB9E-876D-4FB0-95E6-96203B64C02B}.Release|Any CPU.ActiveCfg = Release|Any CPU
		{5552DB9E-876D-4FB0-95E6-96203B64C02B}.Release|Any CPU.Build.0 = Release|Any CPU
		{299A5BEA-8CA6-4224-A263-2F59D3E01699}.Debug|Any CPU.ActiveCfg = Debug|Any CPU
		{299A5BEA-8CA6-4224-A263-2F59D3E01699}.Debug|Any CPU.Build.0 = Debug|Any CPU
		{299A5BEA-8CA6-4224-A263-2F59D3E01699}.Release|Any CPU.ActiveCfg = Release|Any CPU
		{299A5BEA-8CA6-4224-A263-2F59D3E01699}.Release|Any CPU.Build.0 = Release|Any CPU
		{510A8E6B-900F-4236-A29C-57AA8C3BB807}.Debug|Any CPU.ActiveCfg = Debug|Any CPU
		{510A8E6B-900F-4236-A29C-57AA8C3BB807}.Debug|Any CPU.Build.0 = Debug|Any CPU
		{510A8E6B-900F-4236-A29C-57AA8C3BB807}.Release|Any CPU.ActiveCfg = Release|Any CPU
		{510A8E6B-900F-4236-A29C-57AA8C3BB807}.Release|Any CPU.Build.0 = Release|Any CPU
		{BCDAB5B8-C6AC-48A0-80EC-E141B4AB90DA}.Debug|Any CPU.ActiveCfg = Debug|Any CPU
		{BCDAB5B8-C6AC-48A0-80EC-E141B4AB90DA}.Debug|Any CPU.Build.0 = Debug|Any CPU
		{BCDAB5B8-C6AC-48A0-80EC-E141B4AB90DA}.Release|Any CPU.ActiveCfg = Release|Any CPU
		{BCDAB5B8-C6AC-48A0-80EC-E141B4AB90DA}.Release|Any CPU.Build.0 = Release|Any CPU
	EndGlobalSection
	GlobalSection(SolutionProperties) = preSolution
		HideSolutionNode = FALSE
	EndGlobalSection
	GlobalSection(ExtensibilityGlobals) = postSolution
		SolutionGuid = {D88BFFE3-E116-40FC-B22E-8F11D45080A4}
	EndGlobalSection
EndGlobal
